
Microsoft Visual Studio Solution File, Format Version 12.00
# Visual Studio 15
VisualStudioVersion = 15.0.28010.2046
MinimumVisualStudioVersion = 10.0.40219.1
Project("{9A19103F-16F7-4668-BE54-9A1E7A4F7556}") = "MonteG", "MonteG\MonteG.csproj", "{7557515B-AACA-471C-8396-E87ABAEC22B6}"
EndProject
Project("{FAE04EC0-301F-11D3-BF4B-00C04F79EFBC}") = "Montegras.WebApi", "Montegras.WebApi\Montegras.WebApi.csproj", "{8FD4428F-74B5-413B-A233-0A16F01F056F}"
EndProject
Project("{FAE04EC0-301F-11D3-BF4B-00C04F79EFBC}") = "Montegras.Models", "Montegras.Models\Montegras.Models.csproj", "{8F849676-6466-4C1B-9AEB-E349B24D6EE3}"
EndProject
Project("{FAE04EC0-301F-11D3-BF4B-00C04F79EFBC}") = "Montegras.DAL", "Montegras.DAL\Montegras.DAL.csproj", "{109901FE-CA7E-4E17-92B6-78FDB1481FEB}"
EndProject
Project("{FAE04EC0-301F-11D3-BF4B-00C04F79EFBC}") = "Montegras.Core", "Montegras.Core\Montegras.Core.csproj", "{F34BEAA9-D409-4C97-8EFC-0293357AA08F}"
EndProject
Project("{FAE04EC0-301F-11D3-BF4B-00C04F79EFBC}") = "Montegras.BLL", "Montegras.BLL\Montegras.BLL.csproj", "{3BC1C451-06FA-4958-8F0A-DDBADF0CD172}"
EndProject
Global
	GlobalSection(SolutionConfigurationPlatforms) = preSolution
		Debug|Any CPU = Debug|Any CPU
		Release|Any CPU = Release|Any CPU
	EndGlobalSection
	GlobalSection(ProjectConfigurationPlatforms) = postSolution
		{7557515B-AACA-471C-8396-E87ABAEC22B6}.Debug|Any CPU.ActiveCfg = Debug|Any CPU
		{7557515B-AACA-471C-8396-E87ABAEC22B6}.Debug|Any CPU.Build.0 = Debug|Any CPU
		{7557515B-AACA-471C-8396-E87ABAEC22B6}.Release|Any CPU.ActiveCfg = Release|Any CPU
		{7557515B-AACA-471C-8396-E87ABAEC22B6}.Release|Any CPU.Build.0 = Release|Any CPU
		{8FD4428F-74B5-413B-A233-0A16F01F056F}.Debug|Any CPU.ActiveCfg = Debug|Any CPU
		{8FD4428F-74B5-413B-A233-0A16F01F056F}.Debug|Any CPU.Build.0 = Debug|Any CPU
		{8FD4428F-74B5-413B-A233-0A16F01F056F}.Release|Any CPU.ActiveCfg = Release|Any CPU
		{8FD4428F-74B5-413B-A233-0A16F01F056F}.Release|Any CPU.Build.0 = Release|Any CPU
		{8F849676-6466-4C1B-9AEB-E349B24D6EE3}.Debug|Any CPU.ActiveCfg = Debug|Any CPU
		{8F849676-6466-4C1B-9AEB-E349B24D6EE3}.Debug|Any CPU.Build.0 = Debug|Any CPU
		{8F849676-6466-4C1B-9AEB-E349B24D6EE3}.Release|Any CPU.ActiveCfg = Release|Any CPU
		{8F849676-6466-4C1B-9AEB-E349B24D6EE3}.Release|Any CPU.Build.0 = Release|Any CPU
		{109901FE-CA7E-4E17-92B6-78FDB1481FEB}.Debug|Any CPU.ActiveCfg = Debug|Any CPU
		{109901FE-CA7E-4E17-92B6-78FDB1481FEB}.Debug|Any CPU.Build.0 = Debug|Any CPU
		{109901FE-CA7E-4E17-92B6-78FDB1481FEB}.Release|Any CPU.ActiveCfg = Release|Any CPU
		{109901FE-CA7E-4E17-92B6-78FDB1481FEB}.Release|Any CPU.Build.0 = Release|Any CPU
		{F34BEAA9-D409-4C97-8EFC-0293357AA08F}.Debug|Any CPU.ActiveCfg = Debug|Any CPU
		{F34BEAA9-D409-4C97-8EFC-0293357AA08F}.Debug|Any CPU.Build.0 = Debug|Any CPU
		{F34BEAA9-D409-4C97-8EFC-0293357AA08F}.Release|Any CPU.ActiveCfg = Release|Any CPU
		{F34BEAA9-D409-4C97-8EFC-0293357AA08F}.Release|Any CPU.Build.0 = Release|Any CPU
		{3BC1C451-06FA-4958-8F0A-DDBADF0CD172}.Debug|Any CPU.ActiveCfg = Debug|Any CPU
		{3BC1C451-06FA-4958-8F0A-DDBADF0CD172}.Debug|Any CPU.Build.0 = Debug|Any CPU
		{3BC1C451-06FA-4958-8F0A-DDBADF0CD172}.Release|Any CPU.ActiveCfg = Release|Any CPU
		{3BC1C451-06FA-4958-8F0A-DDBADF0CD172}.Release|Any CPU.Build.0 = Release|Any CPU
	EndGlobalSection
	GlobalSection(SolutionProperties) = preSolution
		HideSolutionNode = FALSE
	EndGlobalSection
	GlobalSection(ExtensibilityGlobals) = postSolution
		SolutionGuid = {C2298665-0B16-4C03-BD52-E910472E3AC2}
	EndGlobalSection
EndGlobal
